# THIS IS AN AUTOGENERATED FILE. DO NOT EDIT THIS FILE DIRECTLY.
# yarn lockfile v1


decode-uri-component@^0.2.0:
  version "0.2.0"
  resolved "https://registry.npm.taobao.org/decode-uri-component/download/decode-uri-component-0.2.0.tgz#eb3913333458775cb84cd1a1fae062106bb87545"
  integrity sha1-6zkTMzRYd1y4TNGh+uBiEGu4dUU=

query-string@^6.8.2:
  version "6.8.2"
  resolved "https://registry.npm.taobao.org/query-string/download/query-string-6.8.2.tgz#36cb7e452ae11a4b5e9efee83375e0954407b2f6"
  integrity sha1-Nst+RSrhGktenv7oM3XglUQHsvY=
  dependencies:
    decode-uri-component "^0.2.0"
    split-on-first "^1.0.0"
    strict-uri-encode "^2.0.0"

split-on-first@^1.0.0:
  version "1.1.0"
  resolved "https://registry.npm.taobao.org/split-on-first/download/split-on-first-1.1.0.tgz#f610afeee3b12bce1d0c30425e76398b78249a5f"
  integrity sha1-9hCv7uOxK84dDDBCXnY5i3gkml8=

strict-uri-encode@^2.0.0:
  version "2.0.0"
  resolved "https://registry.npm.taobao.org/strict-uri-encode/download/strict-uri-encode-2.0.0.tgz#b9c7330c7042862f6b142dc274bbcc5866ce3546"
  integrity sha1-ucczDHBChi9rFC3CdLvMWGbONUY=
